
Microsoft Visual Studio Solution File, Format Version 12.00
# Visual Studio Version 16
VisualStudioVersion = 16.0.32228.343
MinimumVisualStudioVersion = 10.0.40219.1
Project("{FAE04EC0-301F-11D3-BF4B-00C04F79EFBC}") = "OOP_5", "OOP_5\OOP_5.csproj", "{1812E889-679A-455D-88CE-97C337B9ED2E}"
EndProject
Global
	GlobalSection(SolutionConfigurationPlatforms) = preSolution
		Debug|Any CPU = Debug|Any CPU
		Release|Any CPU = Release|Any CPU
	EndGlobalSection
	GlobalSection(ProjectConfigurationPlatforms) = postSolution
		{1812E889-679A-455D-88CE-97C337B9ED2E}.Debug|Any CPU.ActiveCfg = Debug|Any CPU
		{1812E889-679A-455D-88CE-97C337B9ED2E}.Debug|Any CPU.Build.0 = Debug|Any CPU
		{1812E889-679A-455D-88CE-97C337B9ED2E}.Release|Any CPU.ActiveCfg = Release|Any CPU
		{1812E889-679A-455D-88CE-97C337B9ED2E}.Release|Any CPU.Build.0 = Release|Any CPU
	EndGlobalSection
	GlobalSection(SolutionProperties) = preSolution
		HideSolutionNode = FALSE
	EndGlobalSection
	GlobalSection(ExtensibilityGlobals) = postSolution
		SolutionGuid = {16933602-57B7-46CE-AAFD-C8EA8C418A4C}
	EndGlobalSection
EndGlobal
