
Microsoft Visual Studio Solution File, Format Version 12.00
# Visual Studio Version 16
VisualStudioVersion = 16.0.32106.194
MinimumVisualStudioVersion = 10.0.40219.1
Project("{FAE04EC0-301F-11D3-BF4B-00C04F79EFBC}") = "Laboratory_work_1", "Laboratory_work_1\Laboratory_work_1.csproj", "{B2108B00-31F6-4258-9DCD-59A49CE8A7B1}"
EndProject
Global
	GlobalSection(SolutionConfigurationPlatforms) = preSolution
		Debug|Any CPU = Debug|Any CPU
		Release|Any CPU = Release|Any CPU
	EndGlobalSection
	GlobalSection(ProjectConfigurationPlatforms) = postSolution
		{B2108B00-31F6-4258-9DCD-59A49CE8A7B1}.Debug|Any CPU.ActiveCfg = Debug|Any CPU
		{B2108B00-31F6-4258-9DCD-59A49CE8A7B1}.Debug|Any CPU.Build.0 = Debug|Any CPU
		{B2108B00-31F6-4258-9DCD-59A49CE8A7B1}.Release|Any CPU.ActiveCfg = Release|Any CPU
		{B2108B00-31F6-4258-9DCD-59A49CE8A7B1}.Release|Any CPU.Build.0 = Release|Any CPU
	EndGlobalSection
	GlobalSection(SolutionProperties) = preSolution
		HideSolutionNode = FALSE
	EndGlobalSection
	GlobalSection(ExtensibilityGlobals) = postSolution
		SolutionGuid = {9C82A8F2-7943-41B6-93E8-B59BBAD2376B}
	EndGlobalSection
EndGlobal
