
Microsoft Visual Studio Solution File, Format Version 12.00
# Visual Studio Version 16
VisualStudioVersion = 16.0.32228.343
MinimumVisualStudioVersion = 10.0.40219.1
Project("{9A19103F-16F7-4668-BE54-9A1E7A4F7556}") = "OOP_7", "OOP_7\OOP_7.csproj", "{3B8592AC-C841-44D4-B5E1-04CD4E42B825}"
EndProject
Global
	GlobalSection(SolutionConfigurationPlatforms) = preSolution
		Debug|Any CPU = Debug|Any CPU
		Release|Any CPU = Release|Any CPU
	EndGlobalSection
	GlobalSection(ProjectConfigurationPlatforms) = postSolution
		{3B8592AC-C841-44D4-B5E1-04CD4E42B825}.Debug|Any CPU.ActiveCfg = Debug|Any CPU
		{3B8592AC-C841-44D4-B5E1-04CD4E42B825}.Debug|Any CPU.Build.0 = Debug|Any CPU
		{3B8592AC-C841-44D4-B5E1-04CD4E42B825}.Release|Any CPU.ActiveCfg = Release|Any CPU
		{3B8592AC-C841-44D4-B5E1-04CD4E42B825}.Release|Any CPU.Build.0 = Release|Any CPU
	EndGlobalSection
	GlobalSection(SolutionProperties) = preSolution
		HideSolutionNode = FALSE
	EndGlobalSection
	GlobalSection(ExtensibilityGlobals) = postSolution
		SolutionGuid = {41AD29FA-520E-4524-91CD-0472BD136541}
	EndGlobalSection
EndGlobal
